Microsoft Visual Studio Solution File, Format Version 12.00
# Visual Studio Version 17
VisualStudioVersion = 17.5.2.0
MinimumVisualStudioVersion = 10.0.40219.1
Project("{FAE04EC0-301F-11D3-BF4B-00C04F79EFBC}") = "minijam", "minijam.csproj", "{57507159-66CB-0978-E7C3-A0688140B36F}"
EndProject
Global
	GlobalSection(SolutionConfigurationPlatforms) = preSolution
		Debug|Any CPU = Debug|Any CPU
		Release|Any CPU = Release|Any CPU
	EndGlobalSection
	GlobalSection(ProjectConfigurationPlatforms) = postSolution
		{57507159-66CB-0978-E7C3-A0688140B36F}.Debug|Any CPU.ActiveCfg = Debug|Any CPU
		{57507159-66CB-0978-E7C3-A0688140B36F}.Debug|Any CPU.Build.0 = Debug|Any CPU
		{57507159-66CB-0978-E7C3-A0688140B36F}.Release|Any CPU.ActiveCfg = Release|Any CPU
		{57507159-66CB-0978-E7C3-A0688140B36F}.Release|Any CPU.Build.0 = Release|Any CPU
	EndGlobalSection
	GlobalSection(SolutionProperties) = preSolution
		HideSolutionNode = FALSE
	EndGlobalSection
	GlobalSection(ExtensibilityGlobals) = postSolution
		SolutionGuid = {12AA3514-23E3-4B0A-918B-96CAF4106E81}
	EndGlobalSection
EndGlobal
